
Microsoft Visual Studio Solution File, Format Version 12.00
# Visual Studio Version 17
VisualStudioVersion = 17.4.33205.214
MinimumVisualStudioVersion = 10.0.40219.1
Project("{888888A0-9F3D-457C-B088-3A5042F75D52}") = "mustrid", "mustrid.pyproj", "{7091697A-3324-4FC4-8468-9D3178BCF563}"
EndProject
Global
	GlobalSection(SolutionConfigurationPlatforms) = preSolution
		Debug|Any CPU = Debug|Any CPU
		Release|Any CPU = Release|Any CPU
	EndGlobalSection
	GlobalSection(ProjectConfigurationPlatforms) = postSolution
		{7091697A-3324-4FC4-8468-9D3178BCF563}.Debug|Any CPU.ActiveCfg = Debug|Any CPU
		{7091697A-3324-4FC4-8468-9D3178BCF563}.Release|Any CPU.ActiveCfg = Release|Any CPU
	EndGlobalSection
	GlobalSection(SolutionProperties) = preSolution
		HideSolutionNode = FALSE
	EndGlobalSection
	GlobalSection(ExtensibilityGlobals) = postSolution
		SolutionGuid = {281FC287-D343-490F-A2FE-3A45F31C5F58}
	EndGlobalSection
EndGlobal
